
Microsoft Visual Studio Solution File, Format Version 12.00
# Visual Studio Version 17
VisualStudioVersion = 17.4.33213.308
MinimumVisualStudioVersion = 10.0.40219.1
Project("{FAE04EC0-301F-11D3-BF4B-00C04F79EFBC}") = "TestApp", "TestApp\TestApp.csproj", "{65B45D9A-840C-47A9-9FD5-F566DB1A4B0B}"
EndProject
Global
	GlobalSection(SolutionConfigurationPlatforms) = preSolution
		Debug|Any CPU = Debug|Any CPU
		Release|Any CPU = Release|Any CPU
	EndGlobalSection
	GlobalSection(ProjectConfigurationPlatforms) = postSolution
		{65B45D9A-840C-47A9-9FD5-F566DB1A4B0B}.Debug|Any CPU.ActiveCfg = Debug|Any CPU
		{65B45D9A-840C-47A9-9FD5-F566DB1A4B0B}.Debug|Any CPU.Build.0 = Debug|Any CPU
		{65B45D9A-840C-47A9-9FD5-F566DB1A4B0B}.Release|Any CPU.ActiveCfg = Release|Any CPU
		{65B45D9A-840C-47A9-9FD5-F566DB1A4B0B}.Release|Any CPU.Build.0 = Release|Any CPU
	EndGlobalSection
	GlobalSection(SolutionProperties) = preSolution
		HideSolutionNode = FALSE
	EndGlobalSection
	GlobalSection(ExtensibilityGlobals) = postSolution
		SolutionGuid = {C86F8D2C-7EDB-4E88-91DA-FE5C6BD72846}
	EndGlobalSection
EndGlobal
